
Microsoft Visual Studio Solution File, Format Version 12.00
# Visual Studio Version 16
VisualStudioVersion = 16.0.32126.315
MinimumVisualStudioVersion = 10.0.40219.1
Project("{FAE04EC0-301F-11D3-BF4B-00C04F79EFBC}") = "DIexample.mvc", "DIexample.mvc\DIexample.mvc.csproj", "{F188C874-9906-48AA-86FA-37DCB52A21F5}"
EndProject
Global
	GlobalSection(SolutionConfigurationPlatforms) = preSolution
		Debug|Any CPU = Debug|Any CPU
		Release|Any CPU = Release|Any CPU
	EndGlobalSection
	GlobalSection(ProjectConfigurationPlatforms) = postSolution
		{F188C874-9906-48AA-86FA-37DCB52A21F5}.Debug|Any CPU.ActiveCfg = Debug|Any CPU
		{F188C874-9906-48AA-86FA-37DCB52A21F5}.Debug|Any CPU.Build.0 = Debug|Any CPU
		{F188C874-9906-48AA-86FA-37DCB52A21F5}.Release|Any CPU.ActiveCfg = Release|Any CPU
		{F188C874-9906-48AA-86FA-37DCB52A21F5}.Release|Any CPU.Build.0 = Release|Any CPU
	EndGlobalSection
	GlobalSection(SolutionProperties) = preSolution
		HideSolutionNode = FALSE
	EndGlobalSection
	GlobalSection(ExtensibilityGlobals) = postSolution
		SolutionGuid = {E41066F9-6324-4D55-8C92-2B1604FE7AD4}
	EndGlobalSection
EndGlobal
